
Microsoft Visual Studio Solution File, Format Version 12.00
# Visual Studio Version 17
VisualStudioVersion = 17.11.35312.102
MinimumVisualStudioVersion = 10.0.40219.1
Project("{FAE04EC0-301F-11D3-BF4B-00C04F79EFBC}") = "TimeLineEditor", "TimeLineEditor\TimeLineEditor.csproj", "{917BA10C-A778-4D5E-9574-B23D0D4E48E7}"
EndProject
Global
	GlobalSection(SolutionConfigurationPlatforms) = preSolution
		Debug|Any CPU = Debug|Any CPU
		Release|Any CPU = Release|Any CPU
	EndGlobalSection
	GlobalSection(ProjectConfigurationPlatforms) = postSolution
		{917BA10C-A778-4D5E-9574-B23D0D4E48E7}.Debug|Any CPU.ActiveCfg = Debug|Any CPU
		{917BA10C-A778-4D5E-9574-B23D0D4E48E7}.Debug|Any CPU.Build.0 = Debug|Any CPU
		{917BA10C-A778-4D5E-9574-B23D0D4E48E7}.Release|Any CPU.ActiveCfg = Release|Any CPU
		{917BA10C-A778-4D5E-9574-B23D0D4E48E7}.Release|Any CPU.Build.0 = Release|Any CPU
	EndGlobalSection
	GlobalSection(SolutionProperties) = preSolution
		HideSolutionNode = FALSE
	EndGlobalSection
	GlobalSection(ExtensibilityGlobals) = postSolution
		SolutionGuid = {83ACED8C-54EE-4356-84C5-0BFA3B48780E}
	EndGlobalSection
EndGlobal
